Microsoft Visual Studio Solution File, Format Version 12.00
# Visual Studio Version 17
VisualStudioVersion = 17.5.2.0
MinimumVisualStudioVersion = 10.0.40219.1
Project("{FAE04EC0-301F-11D3-BF4B-00C04F79EFBC}") = "SamsLife", "SamsLife.csproj", "{9F529E2C-5376-AB23-2183-0E4D75435BC5}"
EndProject
Global
	GlobalSection(SolutionConfigurationPlatforms) = preSolution
		Debug|Any CPU = Debug|Any CPU
		Release|Any CPU = Release|Any CPU
	EndGlobalSection
	GlobalSection(ProjectConfigurationPlatforms) = postSolution
		{9F529E2C-5376-AB23-2183-0E4D75435BC5}.Debug|Any CPU.ActiveCfg = Debug|Any CPU
		{9F529E2C-5376-AB23-2183-0E4D75435BC5}.Debug|Any CPU.Build.0 = Debug|Any CPU
		{9F529E2C-5376-AB23-2183-0E4D75435BC5}.Release|Any CPU.ActiveCfg = Release|Any CPU
		{9F529E2C-5376-AB23-2183-0E4D75435BC5}.Release|Any CPU.Build.0 = Release|Any CPU
	EndGlobalSection
	GlobalSection(SolutionProperties) = preSolution
		HideSolutionNode = FALSE
	EndGlobalSection
	GlobalSection(ExtensibilityGlobals) = postSolution
		SolutionGuid = {E229E674-C185-42E9-97C3-BDF5A4BF5338}
	EndGlobalSection
EndGlobal
